
Microsoft Visual Studio Solution File, Format Version 12.00
# Visual Studio Version 17
VisualStudioVersion = 17.11.35219.272
MinimumVisualStudioVersion = 10.0.40219.1
Project("{9A19103F-16F7-4668-BE54-9A1E7A4F7556}") = "HomeCafeteriaPOS", "HomeCafeteriaPOS\HomeCafeteriaPOS.csproj", "{61A6A6A9-08D5-4605-96A4-0A10F55011C8}"
EndProject
Project("{FAE04EC0-301F-11D3-BF4B-00C04F79EFBC}") = "HomeCafeteriaPOS.Client", "HomeCafeteriaPOS.Client\HomeCafeteriaPOS.Client.csproj", "{24F0B594-49C4-4972-A157-F9D8291ACD60}"
EndProject
Global
	GlobalSection(SolutionConfigurationPlatforms) = preSolution
		Debug|Any CPU = Debug|Any CPU
		Release|Any CPU = Release|Any CPU
	EndGlobalSection
	GlobalSection(ProjectConfigurationPlatforms) = postSolution
		{61A6A6A9-08D5-4605-96A4-0A10F55011C8}.Debug|Any CPU.ActiveCfg = Debug|Any CPU
		{61A6A6A9-08D5-4605-96A4-0A10F55011C8}.Debug|Any CPU.Build.0 = Debug|Any CPU
		{61A6A6A9-08D5-4605-96A4-0A10F55011C8}.Release|Any CPU.ActiveCfg = Release|Any CPU
		{61A6A6A9-08D5-4605-96A4-0A10F55011C8}.Release|Any CPU.Build.0 = Release|Any CPU
		{24F0B594-49C4-4972-A157-F9D8291ACD60}.Debug|Any CPU.ActiveCfg = Debug|Any CPU
		{24F0B594-49C4-4972-A157-F9D8291ACD60}.Debug|Any CPU.Build.0 = Debug|Any CPU
		{24F0B594-49C4-4972-A157-F9D8291ACD60}.Release|Any CPU.ActiveCfg = Release|Any CPU
		{24F0B594-49C4-4972-A157-F9D8291ACD60}.Release|Any CPU.Build.0 = Release|Any CPU
	EndGlobalSection
	GlobalSection(SolutionProperties) = preSolution
		HideSolutionNode = FALSE
	EndGlobalSection
	GlobalSection(ExtensibilityGlobals) = postSolution
		SolutionGuid = {A5569905-E12D-400C-B779-DDEDC3D3EB0C}
	EndGlobalSection
EndGlobal
